
Microsoft Visual Studio Solution File, Format Version 12.00
# Visual Studio 2013
VisualStudioVersion = 12.0.40629.0
MinimumVisualStudioVersion = 10.0.40219.1
Project("{FAE04EC0-301F-11D3-BF4B-00C04F79EFBC}") = "QueryRunImport", "QueryRunImport\QueryRunImport.csproj", "{ACB8ACC9-4156-4B9D-826D-5C6AAD92560A}"
EndProject
Global
	GlobalSection(TeamFoundationVersionControl) = preSolution
		
	EndGlobalSection
	GlobalSection(SolutionConfigurationPlatforms) = preSolution
		Debug|Any CPU = Debug|Any CPU
		Release|Any CPU = Release|Any CPU
	EndGlobalSection
	GlobalSection(ProjectConfigurationPlatforms) = postSolution
		{ACB8ACC9-4156-4B9D-826D-5C6AAD92560A}.Debug|Any CPU.ActiveCfg = Debug|Any CPU
		{ACB8ACC9-4156-4B9D-826D-5C6AAD92560A}.Debug|Any CPU.Build.0 = Debug|Any CPU
		{ACB8ACC9-4156-4B9D-826D-5C6AAD92560A}.Release|Any CPU.ActiveCfg = Release|Any CPU
		{ACB8ACC9-4156-4B9D-826D-5C6AAD92560A}.Release|Any CPU.Build.0 = Release|Any CPU
	EndGlobalSection
	GlobalSection(SolutionProperties) = preSolution
		HideSolutionNode = FALSE
	EndGlobalSection
EndGlobal
